
Microsoft Visual Studio Solution File, Format Version 12.00
# Visual Studio Version 17
VisualStudioVersion = 17.8.34330.188
MinimumVisualStudioVersion = 10.0.40219.1
Project("{9A19103F-16F7-4668-BE54-9A1E7A4F7556}") = "Experiment.CSharp", "Experiment.CSharp\Experiment.CSharp.csproj", "{857552FF-A9F7-474B-8C9F-BE10FC77A9EA}"
EndProject
Project("{9A19103F-16F7-4668-BE54-9A1E7A4F7556}") = "Palmtree.Core", "Palmtree.Core\Palmtree.Core.csproj", "{01C091EB-480E-4DF0-B623-02F447646B1D}"
EndProject
Project("{9A19103F-16F7-4668-BE54-9A1E7A4F7556}") = "Palmtree.IO", "Palmtree.IO\Palmtree.IO.csproj", "{1511F10A-E021-4827-99D8-9ACD3D29F5EC}"
EndProject
Project("{9A19103F-16F7-4668-BE54-9A1E7A4F7556}") = "Palmtree.IO.Compression.Archive.Zip", "Palmtree.IO.Compression.Archive.Zip\Palmtree.IO.Compression.Archive.Zip.csproj", "{4DA5910C-3345-43FC-8276-60C46A65A14F}"
EndProject
Project("{9A19103F-16F7-4668-BE54-9A1E7A4F7556}") = "Palmtree.IO.Compression.Stream", "Palmtree.IO.Compression.Stream\Palmtree.IO.Compression.Stream.csproj", "{62FA0B67-4B38-4E10-92C5-ADDAD10BC850}"
EndProject
Project("{9A19103F-16F7-4668-BE54-9A1E7A4F7556}") = "Palmtree.IO.Compression.Stream.InterOp", "Palmtree.IO.Compression.Stream.InterOp\Palmtree.IO.Compression.Stream.InterOp.csproj", "{5D197DBF-7A3C-497A-9B7C-1F835DB2D9BC}"
EndProject
Project("{9A19103F-16F7-4668-BE54-9A1E7A4F7556}") = "Palmtree.IO.Compression.Stream.Plugin.Deflate", "Palmtree.IO.Compression.Stream.Plugin.Deflate\Palmtree.IO.Compression.Stream.Plugin.Deflate.csproj", "{457856E5-AAF4-4F61-BFB1-1A3B9E0C494E}"
EndProject
Project("{9A19103F-16F7-4668-BE54-9A1E7A4F7556}") = "Palmtree.Numerics", "Palmtree.Numerics\Palmtree.Numerics.csproj", "{4DC7D35F-A16F-4AF3-AC7F-07E81F3F2D69}"
EndProject
Project("{9A19103F-16F7-4668-BE54-9A1E7A4F7556}") = "Palmtree.IO.Console.TerminalInfo", "Palmtree.IO.Console.TerminalInfo\Palmtree.IO.Console.TerminalInfo.csproj", "{1E0A1CD9-36DC-4611-9619-EAA87586EE4C}"
EndProject
Project("{9A19103F-16F7-4668-BE54-9A1E7A4F7556}") = "Palmtree.IO.Console", "Palmtree.IO.Console\Palmtree.IO.Console.csproj", "{1046A27C-C5DD-4EFE-A56B-311C34612D8E}"
EndProject
Project("{9A19103F-16F7-4668-BE54-9A1E7A4F7556}") = "Test.Zip.MultiVolume", "Test.Zip.MultiVolume\Test.Zip.MultiVolume.csproj", "{5C1A4018-A4B5-47CB-BC75-41FBCC35E784}"
EndProject
Project("{9A19103F-16F7-4668-BE54-9A1E7A4F7556}") = "Test.Zip.SingleVolume", "Test.Zip.SingleVolume\Test.Zip.SingleVolume.csproj", "{EF8CB781-A211-472D-8D2A-31717C4D381B}"
EndProject
Project("{9A19103F-16F7-4668-BE54-9A1E7A4F7556}") = "Test.Zip.Validation", "Test.Zip.Validation\Test.Zip.Validation.csproj", "{D1D0E9FD-6793-4D5B-8D78-1EB53B9A7515}"
EndProject
Project("{9A19103F-16F7-4668-BE54-9A1E7A4F7556}") = "Test.Zip.Zip64", "Test.Zip.Zip64\Test.Zip.Zip64.csproj", "{299A7A38-6B09-4C02-816C-2B9E35DA009C}"
EndProject
Project("{8BC9CEB8-8B4A-11D0-8D11-00A0C91BC942}") = "Palmtree.IO.Console.Native.Linux", "Palmtree.IO.Console.Native.Linux\Palmtree.IO.Console.Native.Linux.vcxproj", "{54EF2881-BFAC-4FFF-BD6F-BB6727FBF7CB}"
EndProject
Project("{8BC9CEB8-8B4A-11D0-8D11-00A0C91BC942}") = "Palmtree.IO.Console.Native", "Palmtree.IO.Console.Native\Palmtree.IO.Console.Native.vcxproj", "{E8F0891A-AF23-4EEB-AF70-0E24BEFC21E5}"
EndProject
Project("{FAE04EC0-301F-11D3-BF4B-00C04F79EFBC}") = "Test.Compression", "Test.Compression\Test.Compression.csproj", "{DE9E16B5-AF96-487D-B19B-FD8ED30A462B}"
EndProject
Global
	GlobalSection(SolutionConfigurationPlatforms) = preSolution
		Debug|Any CPU = Debug|Any CPU
		Debug|x64 = Debug|x64
		Debug|x86 = Debug|x86
		Release|Any CPU = Release|Any CPU
		Release|x64 = Release|x64
		Release|x86 = Release|x86
	EndGlobalSection
	GlobalSection(ProjectConfigurationPlatforms) = postSolution
		{857552FF-A9F7-474B-8C9F-BE10FC77A9EA}.Debug|Any CPU.ActiveCfg = Debug|Any CPU
		{857552FF-A9F7-474B-8C9F-BE10FC77A9EA}.Debug|Any CPU.Build.0 = Debug|Any CPU
		{857552FF-A9F7-474B-8C9F-BE10FC77A9EA}.Debug|x64.ActiveCfg = Debug|Any CPU
		{857552FF-A9F7-474B-8C9F-BE10FC77A9EA}.Debug|x64.Build.0 = Debug|Any CPU
		{857552FF-A9F7-474B-8C9F-BE10FC77A9EA}.Debug|x86.ActiveCfg = Debug|Any CPU
		{857552FF-A9F7-474B-8C9F-BE10FC77A9EA}.Debug|x86.Build.0 = Debug|Any CPU
		{857552FF-A9F7-474B-8C9F-BE10FC77A9EA}.Release|Any CPU.ActiveCfg = Release|Any CPU
		{857552FF-A9F7-474B-8C9F-BE10FC77A9EA}.Release|Any CPU.Build.0 = Release|Any CPU
		{857552FF-A9F7-474B-8C9F-BE10FC77A9EA}.Release|x64.ActiveCfg = Release|Any CPU
		{857552FF-A9F7-474B-8C9F-BE10FC77A9EA}.Release|x64.Build.0 = Release|Any CPU
		{857552FF-A9F7-474B-8C9F-BE10FC77A9EA}.Release|x86.ActiveCfg = Release|Any CPU
		{857552FF-A9F7-474B-8C9F-BE10FC77A9EA}.Release|x86.Build.0 = Release|Any CPU
		{01C091EB-480E-4DF0-B623-02F447646B1D}.Debug|Any CPU.ActiveCfg = Debug|Any CPU
		{01C091EB-480E-4DF0-B623-02F447646B1D}.Debug|Any CPU.Build.0 = Debug|Any CPU
		{01C091EB-480E-4DF0-B623-02F447646B1D}.Debug|x64.ActiveCfg = Debug|Any CPU
		{01C091EB-480E-4DF0-B623-02F447646B1D}.Debug|x64.Build.0 = Debug|Any CPU
		{01C091EB-480E-4DF0-B623-02F447646B1D}.Debug|x86.ActiveCfg = Debug|Any CPU
		{01C091EB-480E-4DF0-B623-02F447646B1D}.Debug|x86.Build.0 = Debug|Any CPU
		{01C091EB-480E-4DF0-B623-02F447646B1D}.Release|Any CPU.ActiveCfg = Release|Any CPU
		{01C091EB-480E-4DF0-B623-02F447646B1D}.Release|Any CPU.Build.0 = Release|Any CPU
		{01C091EB-480E-4DF0-B623-02F447646B1D}.Release|x64.ActiveCfg = Release|Any CPU
		{01C091EB-480E-4DF0-B623-02F447646B1D}.Release|x64.Build.0 = Release|Any CPU
		{01C091EB-480E-4DF0-B623-02F447646B1D}.Release|x86.ActiveCfg = Release|Any CPU
		{01C091EB-480E-4DF0-B623-02F447646B1D}.Release|x86.Build.0 = Release|Any CPU
		{1511F10A-E021-4827-99D8-9ACD3D29F5EC}.Debug|Any CPU.ActiveCfg = Debug|Any CPU
		{1511F10A-E021-4827-99D8-9ACD3D29F5EC}.Debug|Any CPU.Build.0 = Debug|Any CPU
		{1511F10A-E021-4827-99D8-9ACD3D29F5EC}.Debug|x64.ActiveCfg = Debug|Any CPU
		{1511F10A-E021-4827-99D8-9ACD3D29F5EC}.Debug|x64.Build.0 = Debug|Any CPU
		{1511F10A-E021-4827-99D8-9ACD3D29F5EC}.Debug|x86.ActiveCfg = Debug|Any CPU
		{1511F10A-E021-4827-99D8-9ACD3D29F5EC}.Debug|x86.Build.0 = Debug|Any CPU
		{1511F10A-E021-4827-99D8-9ACD3D29F5EC}.Release|Any CPU.ActiveCfg = Release|Any CPU
		{1511F10A-E021-4827-99D8-9ACD3D29F5EC}.Release|Any CPU.Build.0 = Release|Any CPU
		{1511F10A-E021-4827-99D8-9ACD3D29F5EC}.Release|x64.ActiveCfg = Release|Any CPU
		{1511F10A-E021-4827-99D8-9ACD3D29F5EC}.Release|x64.Build.0 = Release|Any CPU
		{1511F10A-E021-4827-99D8-9ACD3D29F5EC}.Release|x86.ActiveCfg = Release|Any CPU
		{1511F10A-E021-4827-99D8-9ACD3D29F5EC}.Release|x86.Build.0 = Release|Any CPU
		{4DA5910C-3345-43FC-8276-60C46A65A14F}.Debug|Any CPU.ActiveCfg = Debug|Any CPU
		{4DA5910C-3345-43FC-8276-60C46A65A14F}.Debug|Any CPU.Build.0 = Debug|Any CPU
		{4DA5910C-3345-43FC-8276-60C46A65A14F}.Debug|x64.ActiveCfg = Debug|Any CPU
		{4DA5910C-3345-43FC-8276-60C46A65A14F}.Debug|x64.Build.0 = Debug|Any CPU
		{4DA5910C-3345-43FC-8276-60C46A65A14F}.Debug|x86.ActiveCfg = Debug|Any CPU
		{4DA5910C-3345-43FC-8276-60C46A65A14F}.Debug|x86.Build.0 = Debug|Any CPU
		{4DA5910C-3345-43FC-8276-60C46A65A14F}.Release|Any CPU.ActiveCfg = Release|Any CPU
		{4DA5910C-3345-43FC-8276-60C46A65A14F}.Release|Any CPU.Build.0 = Release|Any CPU
		{4DA5910C-3345-43FC-8276-60C46A65A14F}.Release|x64.ActiveCfg = Release|Any CPU
		{4DA5910C-3345-43FC-8276-60C46A65A14F}.Release|x64.Build.0 = Release|Any CPU
		{4DA5910C-3345-43FC-8276-60C46A65A14F}.Release|x86.ActiveCfg = Release|Any CPU
		{4DA5910C-3345-43FC-8276-60C46A65A14F}.Release|x86.Build.0 = Release|Any CPU
		{62FA0B67-4B38-4E10-92C5-ADDAD10BC850}.Debug|Any CPU.ActiveCfg = Debug|Any CPU
		{62FA0B67-4B38-4E10-92C5-ADDAD10BC850}.Debug|Any CPU.Build.0 = Debug|Any CPU
		{62FA0B67-4B38-4E10-92C5-ADDAD10BC850}.Debug|x64.ActiveCfg = Debug|Any CPU
		{62FA0B67-4B38-4E10-92C5-ADDAD10BC850}.Debug|x64.Build.0 = Debug|Any CPU
		{62FA0B67-4B38-4E10-92C5-ADDAD10BC850}.Debug|x86.ActiveCfg = Debug|Any CPU
		{62FA0B67-4B38-4E10-92C5-ADDAD10BC850}.Debug|x86.Build.0 = Debug|Any CPU
		{62FA0B67-4B38-4E10-92C5-ADDAD10BC850}.Release|Any CPU.ActiveCfg = Release|Any CPU
		{62FA0B67-4B38-4E10-92C5-ADDAD10BC850}.Release|Any CPU.Build.0 = Release|Any CPU
		{62FA0B67-4B38-4E10-92C5-ADDAD10BC850}.Release|x64.ActiveCfg = Release|Any CPU
		{62FA0B67-4B38-4E10-92C5-ADDAD10BC850}.Release|x64.Build.0 = Release|Any CPU
		{62FA0B67-4B38-4E10-92C5-ADDAD10BC850}.Release|x86.ActiveCfg = Release|Any CPU
		{62FA0B67-4B38-4E10-92C5-ADDAD10BC850}.Release|x86.Build.0 = Release|Any CPU
		{5D197DBF-7A3C-497A-9B7C-1F835DB2D9BC}.Debug|Any CPU.ActiveCfg = Debug|Any CPU
		{5D197DBF-7A3C-497A-9B7C-1F835DB2D9BC}.Debug|Any CPU.Build.0 = Debug|Any CPU
		{5D197DBF-7A3C-497A-9B7C-1F835DB2D9BC}.Debug|x64.ActiveCfg = Debug|Any CPU
		{5D197DBF-7A3C-497A-9B7C-1F835DB2D9BC}.Debug|x64.Build.0 = Debug|Any CPU
		{5D197DBF-7A3C-497A-9B7C-1F835DB2D9BC}.Debug|x86.ActiveCfg = Debug|Any CPU
		{5D197DBF-7A3C-497A-9B7C-1F835DB2D9BC}.Debug|x86.Build.0 = Debug|Any CPU
		{5D197DBF-7A3C-497A-9B7C-1F835DB2D9BC}.Release|Any CPU.ActiveCfg = Release|Any CPU
		{5D197DBF-7A3C-497A-9B7C-1F835DB2D9BC}.Release|Any CPU.Build.0 = Release|Any CPU
		{5D197DBF-7A3C-497A-9B7C-1F835DB2D9BC}.Release|x64.ActiveCfg = Release|Any CPU
		{5D197DBF-7A3C-497A-9B7C-1F835DB2D9BC}.Release|x64.Build.0 = Release|Any CPU
		{5D197DBF-7A3C-497A-9B7C-1F835DB2D9BC}.Release|x86.ActiveCfg = Release|Any CPU
		{5D197DBF-7A3C-497A-9B7C-1F835DB2D9BC}.Release|x86.Build.0 = Release|Any CPU
		{457856E5-AAF4-4F61-BFB1-1A3B9E0C494E}.Debug|Any CPU.ActiveCfg = Debug|Any CPU
		{457856E5-AAF4-4F61-BFB1-1A3B9E0C494E}.Debug|Any CPU.Build.0 = Debug|Any CPU
		{457856E5-AAF4-4F61-BFB1-1A3B9E0C494E}.Debug|x64.ActiveCfg = Debug|Any CPU
		{457856E5-AAF4-4F61-BFB1-1A3B9E0C494E}.Debug|x64.Build.0 = Debug|Any CPU
		{457856E5-AAF4-4F61-BFB1-1A3B9E0C494E}.Debug|x86.ActiveCfg = Debug|Any CPU
		{457856E5-AAF4-4F61-BFB1-1A3B9E0C494E}.Debug|x86.Build.0 = Debug|Any CPU
		{457856E5-AAF4-4F61-BFB1-1A3B9E0C494E}.Release|Any CPU.ActiveCfg = Release|Any CPU
		{457856E5-AAF4-4F61-BFB1-1A3B9E0C494E}.Release|Any CPU.Build.0 = Release|Any CPU
		{457856E5-AAF4-4F61-BFB1-1A3B9E0C494E}.Release|x64.ActiveCfg = Release|Any CPU
		{457856E5-AAF4-4F61-BFB1-1A3B9E0C494E}.Release|x64.Build.0 = Release|Any CPU
		{457856E5-AAF4-4F61-BFB1-1A3B9E0C494E}.Release|x86.ActiveCfg = Release|Any CPU
		{457856E5-AAF4-4F61-BFB1-1A3B9E0C494E}.Release|x86.Build.0 = Release|Any CPU
		{4DC7D35F-A16F-4AF3-AC7F-07E81F3F2D69}.Debug|Any CPU.ActiveCfg = Debug|Any CPU
		{4DC7D35F-A16F-4AF3-AC7F-07E81F3F2D69}.Debug|Any CPU.Build.0 = Debug|Any CPU
		{4DC7D35F-A16F-4AF3-AC7F-07E81F3F2D69}.Debug|x64.ActiveCfg = Debug|Any CPU
		{4DC7D35F-A16F-4AF3-AC7F-07E81F3F2D69}.Debug|x64.Build.0 = Debug|Any CPU
		{4DC7D35F-A16F-4AF3-AC7F-07E81F3F2D69}.Debug|x86.ActiveCfg = Debug|Any CPU
		{4DC7D35F-A16F-4AF3-AC7F-07E81F3F2D69}.Debug|x86.Build.0 = Debug|Any CPU
		{4DC7D35F-A16F-4AF3-AC7F-07E81F3F2D69}.Release|Any CPU.ActiveCfg = Release|Any CPU
		{4DC7D35F-A16F-4AF3-AC7F-07E81F3F2D69}.Release|Any CPU.Build.0 = Release|Any CPU
		{4DC7D35F-A16F-4AF3-AC7F-07E81F3F2D69}.Release|x64.ActiveCfg = Release|Any CPU
		{4DC7D35F-A16F-4AF3-AC7F-07E81F3F2D69}.Release|x64.Build.0 = Release|Any CPU
		{4DC7D35F-A16F-4AF3-AC7F-07E81F3F2D69}.Release|x86.ActiveCfg = Release|Any CPU
		{4DC7D35F-A16F-4AF3-AC7F-07E81F3F2D69}.Release|x86.Build.0 = Release|Any CPU
		{1E0A1CD9-36DC-4611-9619-EAA87586EE4C}.Debug|Any CPU.ActiveCfg = Debug|Any CPU
		{1E0A1CD9-36DC-4611-9619-EAA87586EE4C}.Debug|Any CPU.Build.0 = Debug|Any CPU
		{1E0A1CD9-36DC-4611-9619-EAA87586EE4C}.Debug|x64.ActiveCfg = Debug|Any CPU
		{1E0A1CD9-36DC-4611-9619-EAA87586EE4C}.Debug|x64.Build.0 = Debug|Any CPU
		{1E0A1CD9-36DC-4611-9619-EAA87586EE4C}.Debug|x86.ActiveCfg = Debug|Any CPU
		{1E0A1CD9-36DC-4611-9619-EAA87586EE4C}.Debug|x86.Build.0 = Debug|Any CPU
		{1E0A1CD9-36DC-4611-9619-EAA87586EE4C}.Release|Any CPU.ActiveCfg = Release|Any CPU
		{1E0A1CD9-36DC-4611-9619-EAA87586EE4C}.Release|Any CPU.Build.0 = Release|Any CPU
		{1E0A1CD9-36DC-4611-9619-EAA87586EE4C}.Release|x64.ActiveCfg = Release|Any CPU
		{1E0A1CD9-36DC-4611-9619-EAA87586EE4C}.Release|x64.Build.0 = Release|Any CPU
		{1E0A1CD9-36DC-4611-9619-EAA87586EE4C}.Release|x86.ActiveCfg = Release|Any CPU
		{1E0A1CD9-36DC-4611-9619-EAA87586EE4C}.Release|x86.Build.0 = Release|Any CPU
		{1046A27C-C5DD-4EFE-A56B-311C34612D8E}.Debug|Any CPU.ActiveCfg = Debug|Any CPU
		{1046A27C-C5DD-4EFE-A56B-311C34612D8E}.Debug|Any CPU.Build.0 = Debug|Any CPU
		{1046A27C-C5DD-4EFE-A56B-311C34612D8E}.Debug|x64.ActiveCfg = Debug|Any CPU
		{1046A27C-C5DD-4EFE-A56B-311C34612D8E}.Debug|x64.Build.0 = Debug|Any CPU
		{1046A27C-C5DD-4EFE-A56B-311C34612D8E}.Debug|x86.ActiveCfg = Debug|Any CPU
		{1046A27C-C5DD-4EFE-A56B-311C34612D8E}.Debug|x86.Build.0 = Debug|Any CPU
		{1046A27C-C5DD-4EFE-A56B-311C34612D8E}.Release|Any CPU.ActiveCfg = Release|Any CPU
		{1046A27C-C5DD-4EFE-A56B-311C34612D8E}.Release|Any CPU.Build.0 = Release|Any CPU
		{1046A27C-C5DD-4EFE-A56B-311C34612D8E}.Release|x64.ActiveCfg = Release|Any CPU
		{1046A27C-C5DD-4EFE-A56B-311C34612D8E}.Release|x64.Build.0 = Release|Any CPU
		{1046A27C-C5DD-4EFE-A56B-311C34612D8E}.Release|x86.ActiveCfg = Release|Any CPU
		{1046A27C-C5DD-4EFE-A56B-311C34612D8E}.Release|x86.Build.0 = Release|Any CPU
		{5C1A4018-A4B5-47CB-BC75-41FBCC35E784}.Debug|Any CPU.ActiveCfg = Debug|Any CPU
		{5C1A4018-A4B5-47CB-BC75-41FBCC35E784}.Debug|Any CPU.Build.0 = Debug|Any CPU
		{5C1A4018-A4B5-47CB-BC75-41FBCC35E784}.Debug|x64.ActiveCfg = Debug|Any CPU
		{5C1A4018-A4B5-47CB-BC75-41FBCC35E784}.Debug|x64.Build.0 = Debug|Any CPU
		{5C1A4018-A4B5-47CB-BC75-41FBCC35E784}.Debug|x86.ActiveCfg = Debug|Any CPU
		{5C1A4018-A4B5-47CB-BC75-41FBCC35E784}.Debug|x86.Build.0 = Debug|Any CPU
		{5C1A4018-A4B5-47CB-BC75-41FBCC35E784}.Release|Any CPU.ActiveCfg = Release|Any CPU
		{5C1A4018-A4B5-47CB-BC75-41FBCC35E784}.Release|Any CPU.Build.0 = Release|Any CPU
		{5C1A4018-A4B5-47CB-BC75-41FBCC35E784}.Release|x64.ActiveCfg = Release|Any CPU
		{5C1A4018-A4B5-47CB-BC75-41FBCC35E784}.Release|x64.Build.0 = Release|Any CPU
		{5C1A4018-A4B5-47CB-BC75-41FBCC35E784}.Release|x86.ActiveCfg = Release|Any CPU
		{5C1A4018-A4B5-47CB-BC75-41FBCC35E784}.Release|x86.Build.0 = Release|Any CPU
		{EF8CB781-A211-472D-8D2A-31717C4D381B}.Debug|Any CPU.ActiveCfg = Debug|Any CPU
		{EF8CB781-A211-472D-8D2A-31717C4D381B}.Debug|Any CPU.Build.0 = Debug|Any CPU
		{EF8CB781-A211-472D-8D2A-31717C4D381B}.Debug|x64.ActiveCfg = Debug|Any CPU
		{EF8CB781-A211-472D-8D2A-31717C4D381B}.Debug|x64.Build.0 = Debug|Any CPU
		{EF8CB781-A211-472D-8D2A-31717C4D381B}.Debug|x86.ActiveCfg = Debug|Any CPU
		{EF8CB781-A211-472D-8D2A-31717C4D381B}.Debug|x86.Build.0 = Debug|Any CPU
		{EF8CB781-A211-472D-8D2A-31717C4D381B}.Release|Any CPU.ActiveCfg = Release|Any CPU
		{EF8CB781-A211-472D-8D2A-31717C4D381B}.Release|Any CPU.Build.0 = Release|Any CPU
		{EF8CB781-A211-472D-8D2A-31717C4D381B}.Release|x64.ActiveCfg = Release|Any CPU
		{EF8CB781-A211-472D-8D2A-31717C4D381B}.Release|x64.Build.0 = Release|Any CPU
		{EF8CB781-A211-472D-8D2A-31717C4D381B}.Release|x86.ActiveCfg = Release|Any CPU
		{EF8CB781-A211-472D-8D2A-31717C4D381B}.Release|x86.Build.0 = Release|Any CPU
		{D1D0E9FD-6793-4D5B-8D78-1EB53B9A7515}.Debug|Any CPU.ActiveCfg = Debug|Any CPU
		{D1D0E9FD-6793-4D5B-8D78-1EB53B9A7515}.Debug|Any CPU.Build.0 = Debug|Any CPU
		{D1D0E9FD-6793-4D5B-8D78-1EB53B9A7515}.Debug|x64.ActiveCfg = Debug|Any CPU
		{D1D0E9FD-6793-4D5B-8D78-1EB53B9A7515}.Debug|x64.Build.0 = Debug|Any CPU
		{D1D0E9FD-6793-4D5B-8D78-1EB53B9A7515}.Debug|x86.ActiveCfg = Debug|Any CPU
		{D1D0E9FD-6793-4D5B-8D78-1EB53B9A7515}.Debug|x86.Build.0 = Debug|Any CPU
		{D1D0E9FD-6793-4D5B-8D78-1EB53B9A7515}.Release|Any CPU.ActiveCfg = Release|Any CPU
		{D1D0E9FD-6793-4D5B-8D78-1EB53B9A7515}.Release|Any CPU.Build.0 = Release|Any CPU
		{D1D0E9FD-6793-4D5B-8D78-1EB53B9A7515}.Release|x64.ActiveCfg = Release|Any CPU
		{D1D0E9FD-6793-4D5B-8D78-1EB53B9A7515}.Release|x64.Build.0 = Release|Any CPU
		{D1D0E9FD-6793-4D5B-8D78-1EB53B9A7515}.Release|x86.ActiveCfg = Release|Any CPU
		{D1D0E9FD-6793-4D5B-8D78-1EB53B9A7515}.Release|x86.Build.0 = Release|Any CPU
		{299A7A38-6B09-4C02-816C-2B9E35DA009C}.Debug|Any CPU.ActiveCfg = Debug|Any CPU
		{299A7A38-6B09-4C02-816C-2B9E35DA009C}.Debug|Any CPU.Build.0 = Debug|Any CPU
		{299A7A38-6B09-4C02-816C-2B9E35DA009C}.Debug|x64.ActiveCfg = Debug|Any CPU
		{299A7A38-6B09-4C02-816C-2B9E35DA009C}.Debug|x64.Build.0 = Debug|Any CPU
		{299A7A38-6B09-4C02-816C-2B9E35DA009C}.Debug|x86.ActiveCfg = Debug|Any CPU
		{299A7A38-6B09-4C02-816C-2B9E35DA009C}.Debug|x86.Build.0 = Debug|Any CPU
		{299A7A38-6B09-4C02-816C-2B9E35DA009C}.Release|Any CPU.ActiveCfg = Release|Any CPU
		{299A7A38-6B09-4C02-816C-2B9E35DA009C}.Release|Any CPU.Build.0 = Release|Any CPU
		{299A7A38-6B09-4C02-816C-2B9E35DA009C}.Release|x64.ActiveCfg = Release|Any CPU
		{299A7A38-6B09-4C02-816C-2B9E35DA009C}.Release|x64.Build.0 = Release|Any CPU
		{299A7A38-6B09-4C02-816C-2B9E35DA009C}.Release|x86.ActiveCfg = Release|Any CPU
		{299A7A38-6B09-4C02-816C-2B9E35DA009C}.Release|x86.Build.0 = Release|Any CPU
		{54EF2881-BFAC-4FFF-BD6F-BB6727FBF7CB}.Debug|Any CPU.ActiveCfg = Debug|x64
		{54EF2881-BFAC-4FFF-BD6F-BB6727FBF7CB}.Debug|Any CPU.Build.0 = Debug|x64
		{54EF2881-BFAC-4FFF-BD6F-BB6727FBF7CB}.Debug|Any CPU.Deploy.0 = Debug|x64
		{54EF2881-BFAC-4FFF-BD6F-BB6727FBF7CB}.Debug|x64.ActiveCfg = Debug|x64
		{54EF2881-BFAC-4FFF-BD6F-BB6727FBF7CB}.Debug|x64.Build.0 = Debug|x64
		{54EF2881-BFAC-4FFF-BD6F-BB6727FBF7CB}.Debug|x64.Deploy.0 = Debug|x64
		{54EF2881-BFAC-4FFF-BD6F-BB6727FBF7CB}.Debug|x86.ActiveCfg = Debug|x86
		{54EF2881-BFAC-4FFF-BD6F-BB6727FBF7CB}.Debug|x86.Build.0 = Debug|x86
		{54EF2881-BFAC-4FFF-BD6F-BB6727FBF7CB}.Debug|x86.Deploy.0 = Debug|x86
		{54EF2881-BFAC-4FFF-BD6F-BB6727FBF7CB}.Release|Any CPU.ActiveCfg = Release|x64
		{54EF2881-BFAC-4FFF-BD6F-BB6727FBF7CB}.Release|Any CPU.Build.0 = Release|x64
		{54EF2881-BFAC-4FFF-BD6F-BB6727FBF7CB}.Release|Any CPU.Deploy.0 = Release|x64
		{54EF2881-BFAC-4FFF-BD6F-BB6727FBF7CB}.Release|x64.ActiveCfg = Release|x64
		{54EF2881-BFAC-4FFF-BD6F-BB6727FBF7CB}.Release|x64.Build.0 = Release|x64
		{54EF2881-BFAC-4FFF-BD6F-BB6727FBF7CB}.Release|x64.Deploy.0 = Release|x64
		{54EF2881-BFAC-4FFF-BD6F-BB6727FBF7CB}.Release|x86.ActiveCfg = Release|x86
		{54EF2881-BFAC-4FFF-BD6F-BB6727FBF7CB}.Release|x86.Build.0 = Release|x86
		{54EF2881-BFAC-4FFF-BD6F-BB6727FBF7CB}.Release|x86.Deploy.0 = Release|x86
		{E8F0891A-AF23-4EEB-AF70-0E24BEFC21E5}.Debug|Any CPU.ActiveCfg = Debug|x64
		{E8F0891A-AF23-4EEB-AF70-0E24BEFC21E5}.Debug|Any CPU.Build.0 = Debug|x64
		{E8F0891A-AF23-4EEB-AF70-0E24BEFC21E5}.Debug|x64.ActiveCfg = Debug|x64
		{E8F0891A-AF23-4EEB-AF70-0E24BEFC21E5}.Debug|x64.Build.0 = Debug|x64
		{E8F0891A-AF23-4EEB-AF70-0E24BEFC21E5}.Debug|x86.ActiveCfg = Debug|Win32
		{E8F0891A-AF23-4EEB-AF70-0E24BEFC21E5}.Debug|x86.Build.0 = Debug|Win32
		{E8F0891A-AF23-4EEB-AF70-0E24BEFC21E5}.Release|Any CPU.ActiveCfg = Release|x64
		{E8F0891A-AF23-4EEB-AF70-0E24BEFC21E5}.Release|Any CPU.Build.0 = Release|x64
		{E8F0891A-AF23-4EEB-AF70-0E24BEFC21E5}.Release|x64.ActiveCfg = Release|x64
		{E8F0891A-AF23-4EEB-AF70-0E24BEFC21E5}.Release|x64.Build.0 = Release|x64
		{E8F0891A-AF23-4EEB-AF70-0E24BEFC21E5}.Release|x86.ActiveCfg = Release|Win32
		{E8F0891A-AF23-4EEB-AF70-0E24BEFC21E5}.Release|x86.Build.0 = Release|Win32
		{DE9E16B5-AF96-487D-B19B-FD8ED30A462B}.Debug|Any CPU.ActiveCfg = Debug|Any CPU
		{DE9E16B5-AF96-487D-B19B-FD8ED30A462B}.Debug|Any CPU.Build.0 = Debug|Any CPU
		{DE9E16B5-AF96-487D-B19B-FD8ED30A462B}.Debug|x64.ActiveCfg = Debug|Any CPU
		{DE9E16B5-AF96-487D-B19B-FD8ED30A462B}.Debug|x64.Build.0 = Debug|Any CPU
		{DE9E16B5-AF96-487D-B19B-FD8ED30A462B}.Debug|x86.ActiveCfg = Debug|Any CPU
		{DE9E16B5-AF96-487D-B19B-FD8ED30A462B}.Debug|x86.Build.0 = Debug|Any CPU
		{DE9E16B5-AF96-487D-B19B-FD8ED30A462B}.Release|Any CPU.ActiveCfg = Release|Any CPU
		{DE9E16B5-AF96-487D-B19B-FD8ED30A462B}.Release|Any CPU.Build.0 = Release|Any CPU
		{DE9E16B5-AF96-487D-B19B-FD8ED30A462B}.Release|x64.ActiveCfg = Release|Any CPU
		{DE9E16B5-AF96-487D-B19B-FD8ED30A462B}.Release|x64.Build.0 = Release|Any CPU
		{DE9E16B5-AF96-487D-B19B-FD8ED30A462B}.Release|x86.ActiveCfg = Release|Any CPU
		{DE9E16B5-AF96-487D-B19B-FD8ED30A462B}.Release|x86.Build.0 = Release|Any CPU
	EndGlobalSection
	GlobalSection(SolutionProperties) = preSolution
		HideSolutionNode = FALSE
	EndGlobalSection
	GlobalSection(ExtensibilityGlobals) = postSolution
		SolutionGuid = {FA56C330-3EC8-484C-875E-323BACE2B6B1}
	EndGlobalSection
EndGlobal
